
Microsoft Visual Studio Solution File, Format Version 12.00
# Visual Studio 15
VisualStudioVersion = 15.0.26730.12
MinimumVisualStudioVersion = 10.0.40219.1
Project("{FAE04EC0-301F-11D3-BF4B-00C04F79EFBC}") = "CSharpChainModel", "CSharpChainModel\CSharpChainModel.csproj", "{F6F96EF7-DD46-4220-8B90-C7D3BBFC351D}"
EndProject
Project("{FAE04EC0-301F-11D3-BF4B-00C04F79EFBC}") = "CSharpChainNetwork", "CSharpChainNetwork\CSharpChainNetwork.csproj", "{D4F93DA3-B60F-4605-A0D0-0B634CDE93E9}"
EndProject
Project("{FAE04EC0-301F-11D3-BF4B-00C04F79EFBC}") = "CSharpChainServer", "CSharpChainServer\CSharpChainServer.csproj", "{223C7A29-F2EA-4B38-A148-20D67D4C2DA9}"
EndProject
Global
	GlobalSection(SolutionConfigurationPlatforms) = preSolution
		Debug|Any CPU = Debug|Any CPU
		Release|Any CPU = Release|Any CPU
	EndGlobalSection
	GlobalSection(ProjectConfigurationPlatforms) = postSolution
		{F6F96EF7-DD46-4220-8B90-C7D3BBFC351D}.Debug|Any CPU.ActiveCfg = Debug|Any CPU
		{F6F96EF7-DD46-4220-8B90-C7D3BBFC351D}.Debug|Any CPU.Build.0 = Debug|Any CPU
		{F6F96EF7-DD46-4220-8B90-C7D3BBFC351D}.Release|Any CPU.ActiveCfg = Release|Any CPU
		{F6F96EF7-DD46-4220-8B90-C7D3BBFC351D}.Release|Any CPU.Build.0 = Release|Any CPU
		{D4F93DA3-B60F-4605-A0D0-0B634CDE93E9}.Debug|Any CPU.ActiveCfg = Debug|Any CPU
		{D4F93DA3-B60F-4605-A0D0-0B634CDE93E9}.Debug|Any CPU.Build.0 = Debug|Any CPU
		{D4F93DA3-B60F-4605-A0D0-0B634CDE93E9}.Release|Any CPU.ActiveCfg = Release|Any CPU
		{D4F93DA3-B60F-4605-A0D0-0B634CDE93E9}.Release|Any CPU.Build.0 = Release|Any CPU
		{223C7A29-F2EA-4B38-A148-20D67D4C2DA9}.Debug|Any CPU.ActiveCfg = Debug|Any CPU
		{223C7A29-F2EA-4B38-A148-20D67D4C2DA9}.Debug|Any CPU.Build.0 = Debug|Any CPU
		{223C7A29-F2EA-4B38-A148-20D67D4C2DA9}.Release|Any CPU.ActiveCfg = Release|Any CPU
		{223C7A29-F2EA-4B38-A148-20D67D4C2DA9}.Release|Any CPU.Build.0 = Release|Any CPU
	EndGlobalSection
	GlobalSection(SolutionProperties) = preSolution
		HideSolutionNode = FALSE
	EndGlobalSection
	GlobalSection(ExtensibilityGlobals) = postSolution
		SolutionGuid = {E2F4D025-9306-4F6E-BBAD-785A2DC48273}
	EndGlobalSection
EndGlobal
